
Microsoft Visual Studio Solution File, Format Version 12.00
# Visual Studio Version 16
VisualStudioVersion = 16.0.30717.126
MinimumVisualStudioVersion = 10.0.40219.1
Project("{9A19103F-16F7-4668-BE54-9A1E7A4F7556}") = "timeSheet.WebApi", "timeSheetApi\timeSheet.WebApi.csproj", "{0CCB1619-3DEC-45AE-BB0B-09C019CA8146}"
EndProject
Project("{9A19103F-16F7-4668-BE54-9A1E7A4F7556}") = "timeSheet.Services", "timeSheet.Services\timeSheet.Services.csproj", "{441F79FC-0A87-4EC8-9F88-807EC8FD5A5E}"
EndProject
Project("{9A19103F-16F7-4668-BE54-9A1E7A4F7556}") = "timeSheet.Services.Contract", "timeSheet.Services.Contract\timeSheet.Services.Contract.csproj", "{804E9BB0-00BE-4BE1-A0D7-B12CD9946A22}"
EndProject
Project("{9A19103F-16F7-4668-BE54-9A1E7A4F7556}") = "timeSheet.Repository.Contract", "timeSheet.Repository.Contract\timeSheet.Repository.Contract.csproj", "{B3A7D1AB-D8E4-4263-9181-D07759A1192D}"
EndProject
Project("{9A19103F-16F7-4668-BE54-9A1E7A4F7556}") = "timeSheet.Repository.InMemory", "timeSheet.Repository\timeSheet.Repository.InMemory.csproj", "{AD17A656-ED8F-4178-B90C-DF9D9323B694}"
EndProject
Project("{9A19103F-16F7-4668-BE54-9A1E7A4F7556}") = "timeSheet.Repository.MSSQLDB", "timeSheet.Repository.InMSSQLDB\timeSheet.Repository.MSSQLDB.csproj", "{7531C07F-9E16-415B-B83E-0CC7145FCBC2}"
EndProject
Project("{FAE04EC0-301F-11D3-BF4B-00C04F79EFBC}") = "timeSheet.Configuration", "TimeSheet.Configuration\timeSheet.Configuration.csproj", "{D8399E8E-0BDF-4037-9779-D0F00C9476C6}"
EndProject
Global
	GlobalSection(SolutionConfigurationPlatforms) = preSolution
		Debug|Any CPU = Debug|Any CPU
		Release|Any CPU = Release|Any CPU
	EndGlobalSection
	GlobalSection(ProjectConfigurationPlatforms) = postSolution
		{0CCB1619-3DEC-45AE-BB0B-09C019CA8146}.Debug|Any CPU.ActiveCfg = Debug|Any CPU
		{0CCB1619-3DEC-45AE-BB0B-09C019CA8146}.Debug|Any CPU.Build.0 = Debug|Any CPU
		{0CCB1619-3DEC-45AE-BB0B-09C019CA8146}.Release|Any CPU.ActiveCfg = Release|Any CPU
		{0CCB1619-3DEC-45AE-BB0B-09C019CA8146}.Release|Any CPU.Build.0 = Release|Any CPU
		{441F79FC-0A87-4EC8-9F88-807EC8FD5A5E}.Debug|Any CPU.ActiveCfg = Debug|Any CPU
		{441F79FC-0A87-4EC8-9F88-807EC8FD5A5E}.Debug|Any CPU.Build.0 = Debug|Any CPU
		{441F79FC-0A87-4EC8-9F88-807EC8FD5A5E}.Release|Any CPU.ActiveCfg = Release|Any CPU
		{441F79FC-0A87-4EC8-9F88-807EC8FD5A5E}.Release|Any CPU.Build.0 = Release|Any CPU
		{804E9BB0-00BE-4BE1-A0D7-B12CD9946A22}.Debug|Any CPU.ActiveCfg = Debug|Any CPU
		{804E9BB0-00BE-4BE1-A0D7-B12CD9946A22}.Debug|Any CPU.Build.0 = Debug|Any CPU
		{804E9BB0-00BE-4BE1-A0D7-B12CD9946A22}.Release|Any CPU.ActiveCfg = Release|Any CPU
		{804E9BB0-00BE-4BE1-A0D7-B12CD9946A22}.Release|Any CPU.Build.0 = Release|Any CPU
		{B3A7D1AB-D8E4-4263-9181-D07759A1192D}.Debug|Any CPU.ActiveCfg = Debug|Any CPU
		{B3A7D1AB-D8E4-4263-9181-D07759A1192D}.Debug|Any CPU.Build.0 = Debug|Any CPU
		{B3A7D1AB-D8E4-4263-9181-D07759A1192D}.Release|Any CPU.ActiveCfg = Release|Any CPU
		{B3A7D1AB-D8E4-4263-9181-D07759A1192D}.Release|Any CPU.Build.0 = Release|Any CPU
		{AD17A656-ED8F-4178-B90C-DF9D9323B694}.Debug|Any CPU.ActiveCfg = Debug|Any CPU
		{AD17A656-ED8F-4178-B90C-DF9D9323B694}.Debug|Any CPU.Build.0 = Debug|Any CPU
		{AD17A656-ED8F-4178-B90C-DF9D9323B694}.Release|Any CPU.ActiveCfg = Release|Any CPU
		{AD17A656-ED8F-4178-B90C-DF9D9323B694}.Release|Any CPU.Build.0 = Release|Any CPU
		{7531C07F-9E16-415B-B83E-0CC7145FCBC2}.Debug|Any CPU.ActiveCfg = Debug|Any CPU
		{7531C07F-9E16-415B-B83E-0CC7145FCBC2}.Debug|Any CPU.Build.0 = Debug|Any CPU
		{7531C07F-9E16-415B-B83E-0CC7145FCBC2}.Release|Any CPU.ActiveCfg = Release|Any CPU
		{7531C07F-9E16-415B-B83E-0CC7145FCBC2}.Release|Any CPU.Build.0 = Release|Any CPU
		{D8399E8E-0BDF-4037-9779-D0F00C9476C6}.Debug|Any CPU.ActiveCfg = Debug|Any CPU
		{D8399E8E-0BDF-4037-9779-D0F00C9476C6}.Debug|Any CPU.Build.0 = Debug|Any CPU
		{D8399E8E-0BDF-4037-9779-D0F00C9476C6}.Release|Any CPU.ActiveCfg = Release|Any CPU
		{D8399E8E-0BDF-4037-9779-D0F00C9476C6}.Release|Any CPU.Build.0 = Release|Any CPU
	EndGlobalSection
	GlobalSection(SolutionProperties) = preSolution
		HideSolutionNode = FALSE
	EndGlobalSection
	GlobalSection(ExtensibilityGlobals) = postSolution
		SolutionGuid = {9D5D616C-63BA-49E0-BAEB-8A2164849183}
	EndGlobalSection
EndGlobal
